
Microsoft Visual Studio Solution File, Format Version 12.00
# Visual Studio Version 18
VisualStudioVersion = 18.0.11018.127
MinimumVisualStudioVersion = 10.0.40219.1
Project("{9A19103F-16F7-4668-BE54-9A1E7A4F7556}") = "LibreHardwareMonitorLib", "LibreHardwareMonitorLib\LibreHardwareMonitorLib.csproj", "{B0397530-545A-471D-BB74-027AE456DF1A}"
EndProject
Project("{9A19103F-16F7-4668-BE54-9A1E7A4F7556}") = "LibreHardwareMonitor", "LibreHardwareMonitor\LibreHardwareMonitor.csproj", "{F5E0C1F7-9E9B-46F2-AC88-8C9C1C923880}"
	ProjectSection(ProjectDependencies) = postProject
		{B0397530-545A-471D-BB74-027AE456DF1A} = {B0397530-545A-471D-BB74-027AE456DF1A}
	EndProjectSection
EndProject
Project("{9A19103F-16F7-4668-BE54-9A1E7A4F7556}") = "Aga.Controls", "Aga.Controls\Aga.Controls.csproj", "{E73BB233-D88B-44A7-A98F-D71EE158381D}"
EndProject
Project("{2150E333-8FDC-42A3-9474-1A3956D46DE8}") = "Controls", "Controls", "{23F54DBD-8998-4E22-A4E4-60F4F77F9B65}"
EndProject
Project("{2150E333-8FDC-42A3-9474-1A3956D46DE8}") = "Solution Items", "Solution Items", "{BAEC1DFE-5D1E-4CDB-8264-6C85B229D812}"
	ProjectSection(SolutionItems) = preProject
		.editorconfig = .editorconfig
		Directory.Build.props = Directory.Build.props
	EndProjectSection
EndProject
Global
	GlobalSection(SolutionConfigurationPlatforms) = preSolution
		Debug|ARM64 = Debug|ARM64
		Debug|x64 = Debug|x64
		Debug|x86 = Debug|x86
		Release|ARM64 = Release|ARM64
		Release|x64 = Release|x64
		Release|x86 = Release|x86
	EndGlobalSection
	GlobalSection(ProjectConfigurationPlatforms) = postSolution
		{B0397530-545A-471D-BB74-027AE456DF1A}.Debug|ARM64.ActiveCfg = Debug|ARM64
		{B0397530-545A-471D-BB74-027AE456DF1A}.Debug|ARM64.Build.0 = Debug|ARM64
		{B0397530-545A-471D-BB74-027AE456DF1A}.Debug|x64.ActiveCfg = Debug|x64
		{B0397530-545A-471D-BB74-027AE456DF1A}.Debug|x64.Build.0 = Debug|x64
		{B0397530-545A-471D-BB74-027AE456DF1A}.Debug|x86.ActiveCfg = Debug|x86
		{B0397530-545A-471D-BB74-027AE456DF1A}.Debug|x86.Build.0 = Debug|x86
		{B0397530-545A-471D-BB74-027AE456DF1A}.Release|ARM64.ActiveCfg = Release|ARM64
		{B0397530-545A-471D-BB74-027AE456DF1A}.Release|ARM64.Build.0 = Release|ARM64
		{B0397530-545A-471D-BB74-027AE456DF1A}.Release|x64.ActiveCfg = Release|x64
		{B0397530-545A-471D-BB74-027AE456DF1A}.Release|x64.Build.0 = Release|x64
		{B0397530-545A-471D-BB74-027AE456DF1A}.Release|x86.ActiveCfg = Release|x86
		{B0397530-545A-471D-BB74-027AE456DF1A}.Release|x86.Build.0 = Release|x86
		{F5E0C1F7-9E9B-46F2-AC88-8C9C1C923880}.Debug|ARM64.ActiveCfg = Debug|ARM64
		{F5E0C1F7-9E9B-46F2-AC88-8C9C1C923880}.Debug|ARM64.Build.0 = Debug|ARM64
		{F5E0C1F7-9E9B-46F2-AC88-8C9C1C923880}.Debug|x64.ActiveCfg = Debug|x64
		{F5E0C1F7-9E9B-46F2-AC88-8C9C1C923880}.Debug|x64.Build.0 = Debug|x64
		{F5E0C1F7-9E9B-46F2-AC88-8C9C1C923880}.Debug|x86.ActiveCfg = Debug|x86
		{F5E0C1F7-9E9B-46F2-AC88-8C9C1C923880}.Debug|x86.Build.0 = Debug|x86
		{F5E0C1F7-9E9B-46F2-AC88-8C9C1C923880}.Release|ARM64.ActiveCfg = Release|ARM64
		{F5E0C1F7-9E9B-46F2-AC88-8C9C1C923880}.Release|ARM64.Build.0 = Release|ARM64
		{F5E0C1F7-9E9B-46F2-AC88-8C9C1C923880}.Release|x64.ActiveCfg = Release|x64
		{F5E0C1F7-9E9B-46F2-AC88-8C9C1C923880}.Release|x64.Build.0 = Release|x64
		{F5E0C1F7-9E9B-46F2-AC88-8C9C1C923880}.Release|x86.ActiveCfg = Release|x86
		{F5E0C1F7-9E9B-46F2-AC88-8C9C1C923880}.Release|x86.Build.0 = Release|x86
		{E73BB233-D88B-44A7-A98F-D71EE158381D}.Debug|ARM64.ActiveCfg = Debug|ARM64
		{E73BB233-D88B-44A7-A98F-D71EE158381D}.Debug|ARM64.Build.0 = Debug|ARM64
		{E73BB233-D88B-44A7-A98F-D71EE158381D}.Debug|x64.ActiveCfg = Debug|x64
		{E73BB233-D88B-44A7-A98F-D71EE158381D}.Debug|x64.Build.0 = Debug|x64
		{E73BB233-D88B-44A7-A98F-D71EE158381D}.Debug|x86.ActiveCfg = Debug|x86
		{E73BB233-D88B-44A7-A98F-D71EE158381D}.Debug|x86.Build.0 = Debug|x86
		{E73BB233-D88B-44A7-A98F-D71EE158381D}.Release|ARM64.ActiveCfg = Release|ARM64
		{E73BB233-D88B-44A7-A98F-D71EE158381D}.Release|ARM64.Build.0 = Release|ARM64
		{E73BB233-D88B-44A7-A98F-D71EE158381D}.Release|x64.ActiveCfg = Release|x64
		{E73BB233-D88B-44A7-A98F-D71EE158381D}.Release|x64.Build.0 = Release|x64
		{E73BB233-D88B-44A7-A98F-D71EE158381D}.Release|x86.ActiveCfg = Release|x86
		{E73BB233-D88B-44A7-A98F-D71EE158381D}.Release|x86.Build.0 = Release|x86
	EndGlobalSection
	GlobalSection(SolutionProperties) = preSolution
		HideSolutionNode = FALSE
	EndGlobalSection
	GlobalSection(NestedProjects) = preSolution
		{E73BB233-D88B-44A7-A98F-D71EE158381D} = {23F54DBD-8998-4E22-A4E4-60F4F77F9B65}
	EndGlobalSection
	GlobalSection(ExtensibilityGlobals) = postSolution
		SolutionGuid = {6A8EF661-2BD7-498F-8FB9-28182B3B0BE5}
	EndGlobalSection
EndGlobal
